# This file was autogenerated by Stack.
# You should not edit this file by hand.
# For more information, please see the documentation at:
#   https://docs.haskellstack.org/en/stable/lock_files

packages:
- completed:
    hackage: deriving-aeson-0.2.5@sha256:a1efa4ab7ff94f73e6d2733a9d4414cb4c3526761295722cff28027b5b3da1a4,1277
    pantry-tree:
      size: 441
      sha256: 8fa77245ed0f169fae3a337bf4b9114c44e6bd0cd02ce748998f46c19ef32277
  original:
    hackage: deriving-aeson-0.2.5
snapshots:
- completed:
    size: 496112
    url: https://raw.githubusercontent.com/commercialhaskell/stackage-snapshots/master/lts/15/13.yaml
    sha256: 75a1a0f870e1876898b117b0e443f911b3fa2985bfabb53158c81ab5765beda5
  original: lts-15.13
